// !$*UTF8*$!
{
	archiveVersion = 1;
	classes = {
	};
	objectVersion = 56;
	objects = {

/* Begin PBXBuildFile section */
		F49288B42928C38100D02C47 /* AppDelegate.swift in Sources */ = {isa = PBXBuildFile; fileRef = F49288B32928C38100D02C47 /* AppDelegate.swift */; };
		F49288B62928C38100D02C47 /* SceneDelegate.swift in Sources */ = {isa = PBXBuildFile; fileRef = F49288B52928C38100D02C47 /* SceneDelegate.swift */; };
		F49288BB2928C38100D02C47 /* Main.storyboard in Resources */ = {isa = PBXBuildFile; fileRef = F49288B92928C38100D02C47 /* Main.storyboard */; };
		F49288BD2928C38300D02C47 /* Assets.xcassets in Resources */ = {isa = PBXBuildFile; fileRef = F49288BC2928C38300D02C47 /* Assets.xcassets */; };
		F49288C02928C38300D02C47 /* LaunchScreen.storyboard in Resources */ = {isa = PBXBuildFile; fileRef = F49288BE2928C38300D02C47 /* LaunchScreen.storyboard */; };
		F49288C82928C45000D02C47 /* ReminderListViewController.swift in Sources */ = {isa = PBXBuildFile; fileRef = F49288C72928C45000D02C47 /* ReminderListViewController.swift */; };
		F49288CB2928C48300D02C47 /* Reminder.swift in Sources */ = {isa = PBXBuildFile; fileRef = F49288CA2928C48300D02C47 /* Reminder.swift */; };
		F4F277D8292A1B4900E19B9C /* Date+Today.swift in Sources */ = {isa = PBXBuildFile; fileRef = F4F277D7292A1B4900E19B9C /* Date+Today.swift */; };
		F4F277DB292BD0F100E19B9C /* ReminderListViewController+DataSource.swift in Sources */ = {isa = PBXBuildFile; fileRef = F4F277DA292BD0F100E19B9C /* ReminderListViewController+DataSource.swift */; };
		F4F277DD292CBFE000E19B9C /* ReminderDoneButton.swift in Sources */ = {isa = PBXBuildFile; fileRef = F4F277DC292CBFE000E19B9C /* ReminderDoneButton.swift */; };
		F4F277DF292CC12E00E19B9C /* ReminderListViewController+Actions.swift in Sources */ = {isa = PBXBuildFile; fileRef = F4F277DE292CC12E00E19B9C /* ReminderListViewController+Actions.swift */; };
		F4F277E1292DEF4500E19B9C /* ReminderViewController.swift in Sources */ = {isa = PBXBuildFile; fileRef = F4F277E0292DEF4500E19B9C /* ReminderViewController.swift */; };
		F4F277E4292DF40A00E19B9C /* ReminderViewController+Row.swift in Sources */ = {isa = PBXBuildFile; fileRef = F4F277E3292DF40A00E19B9C /* ReminderViewController+Row.swift */; };
/* End PBXBuildFile section */

/* Begin PBXFileReference section */
		F49288B02928C38100D02C47 /* MyToday.app */ = {isa = PBXFileReference; explicitFileType = wrapper.application; includeInIndex = 0; path = MyToday.app; sourceTree = BUILT_PRODUCTS_DIR; };
		F49288B32928C38100D02C47 /* AppDelegate.swift */ = {isa = PBXFileReference; lastKnownFileType = sourcecode.swift; path = AppDelegate.swift; sourceTree = "<group>"; };
		F49288B52928C38100D02C47 /* SceneDelegate.swift */ = {isa = PBXFileReference; lastKnownFileType = sourcecode.swift; path = SceneDelegate.swift; sourceTree = "<group>"; };
		F49288BA2928C38100D02C47 /* Base */ = {isa = PBXFileReference; lastKnownFileType = file.storyboard; name = Base; path = Base.lproj/Main.storyboard; sourceTree = "<group>"; };
		F49288BC2928C38300D02C47 /* Assets.xcassets */ = {isa = PBXFileReference; lastKnownFileType = folder.assetcatalog; path = Assets.xcassets; sourceTree = "<group>"; };
		F49288BF2928C38300D02C47 /* Base */ = {isa = PBXFileReference; lastKnownFileType = file.storyboard; name = Base; path = Base.lproj/LaunchScreen.storyboard; sourceTree = "<group>"; };
		F49288C12928C38300D02C47 /* Info.plist */ = {isa = PBXFileReference; lastKnownFileType = text.plist.xml; path = Info.plist; sourceTree = "<group>"; };
		F49288C72928C45000D02C47 /* ReminderListViewController.swift */ = {isa = PBXFileReference; lastKnownFileType = sourcecode.swift; path = ReminderListViewController.swift; sourceTree = "<group>"; };
		F49288CA2928C48300D02C47 /* Reminder.swift */ = {isa = PBXFileReference; lastKnownFileType = sourcecode.swift; path = Reminder.swift; sourceTree = "<group>"; };
		F4F277D7292A1B4900E19B9C /* Date+Today.swift */ = {isa = PBXFileReference; lastKnownFileType = sourcecode.swift; path = "Date+Today.swift"; sourceTree = "<group>"; };
		F4F277DA292BD0F100E19B9C /* ReminderListViewController+DataSource.swift */ = {isa = PBXFileReference; lastKnownFileType = sourcecode.swift; path = "ReminderListViewController+DataSource.swift"; sourceTree = "<group>"; };
		F4F277DC292CBFE000E19B9C /* ReminderDoneButton.swift */ = {isa = PBXFileReference; lastKnownFileType = sourcecode.swift; path = ReminderDoneButton.swift; sourceTree = "<group>"; };
		F4F277DE292CC12E00E19B9C /* ReminderListViewController+Actions.swift */ = {isa = PBXFileReference; lastKnownFileType = sourcecode.swift; path = "ReminderListViewController+Actions.swift"; sourceTree = "<group>"; };
		F4F277E0292DEF4500E19B9C /* ReminderViewController.swift */ = {isa = PBXFileReference; lastKnownFileType = sourcecode.swift; path = ReminderViewController.swift; sourceTree = "<group>"; };
		F4F277E3292DF40A00E19B9C /* ReminderViewController+Row.swift */ = {isa = PBXFileReference; lastKnownFileType = sourcecode.swift; path = "ReminderViewController+Row.swift"; sourceTree = "<group>"; };
/* End PBXFileReference section */

/* Begin PBXFrameworksBuildPhase section */
		F49288AD2928C38100D02C47 /* Frameworks */ = {
			isa = PBXFrameworksBuildPhase;
			buildActionMask = 2147483647;
			files = (
			);
			runOnlyForDeploymentPostprocessing = 0;
		};
/* End PBXFrameworksBuildPhase section */

/* Begin PBXGroup section */
		F49288A72928C38100D02C47 = {
			isa = PBXGroup;
			children = (
				F49288B22928C38100D02C47 /* MyToday */,
				F49288B12928C38100D02C47 /* Products */,
			);
			sourceTree = "<group>";
		};
		F49288B12928C38100D02C47 /* Products */ = {
			isa = PBXGroup;
			children = (
				F49288B02928C38100D02C47 /* MyToday.app */,
			);
			name = Products;
			sourceTree = "<group>";
		};
		F49288B22928C38100D02C47 /* MyToday */ = {
			isa = PBXGroup;
			children = (
				F4F277E2292DF3D500E19B9C /* DetailViewController */,
				F4F277D9292BD0BE00E19B9C /* ListViewController */,
				F49288C92928C47200D02C47 /* Models */,
				F49288B32928C38100D02C47 /* AppDelegate.swift */,
				F49288B52928C38100D02C47 /* SceneDelegate.swift */,
				F49288B92928C38100D02C47 /* Main.storyboard */,
				F49288BC2928C38300D02C47 /* Assets.xcassets */,
				F49288BE2928C38300D02C47 /* LaunchScreen.storyboard */,
				F49288C12928C38300D02C47 /* Info.plist */,
			);
			path = MyToday;
			sourceTree = "<group>";
		};
		F49288C92928C47200D02C47 /* Models */ = {
			isa = PBXGroup;
			children = (
				F49288CA2928C48300D02C47 /* Reminder.swift */,
				F4F277D7292A1B4900E19B9C /* Date+Today.swift */,
			);
			path = Models;
			sourceTree = "<group>";
		};
		F4F277D9292BD0BE00E19B9C /* ListViewController */ = {
			isa = PBXGroup;
			children = (
				F49288C72928C45000D02C47 /* ReminderListViewController.swift */,
				F4F277DA292BD0F100E19B9C /* ReminderListViewController+DataSource.swift */,
				F4F277DC292CBFE000E19B9C /* ReminderDoneButton.swift */,
				F4F277DE292CC12E00E19B9C /* ReminderListViewController+Actions.swift */,
			);
			path = ListViewController;
			sourceTree = "<group>";
		};
		F4F277E2292DF3D500E19B9C /* DetailViewController */ = {
			isa = PBXGroup;
			children = (
				F4F277E0292DEF4500E19B9C /* ReminderViewController.swift */,
				F4F277E3292DF40A00E19B9C /* ReminderViewController+Row.swift */,
			);
			path = DetailViewController;
			sourceTree = "<group>";
		};
/* End PBXGroup section */

/* Begin PBXNativeTarget section */
		F49288AF2928C38100D02C47 /* MyToday */ = {
			isa = PBXNativeTarget;
			buildConfigurationList = F49288C42928C38300D02C47 /* Build configuration list for PBXNativeTarget "MyToday" */;
			buildPhases = (
				F49288AC2928C38100D02C47 /* Sources */,
				F49288AD2928C38100D02C47 /* Frameworks */,
				F49288AE2928C38100D02C47 /* Resources */,
			);
			buildRules = (
			);
			dependencies = (
			);
			name = MyToday;
			productName = MyToday;
			productReference = F49288B02928C38100D02C47 /* MyToday.app */;
			productType = "com.apple.product-type.application";
		};
/* End PBXNativeTarget section */

/* Begin PBXProject section */
		F49288A82928C38100D02C47 /* Project object */ = {
			isa = PBXProject;
			attributes = {
				BuildIndependentTargetsInParallel = 1;
				LastSwiftUpdateCheck = 1410;
				LastUpgradeCheck = 1410;
				TargetAttributes = {
					F49288AF2928C38100D02C47 = {
						CreatedOnToolsVersion = 14.1;
					};
				};
			};
			buildConfigurationList = F49288AB2928C38100D02C47 /* Build configuration list for PBXProject "MyToday" */;
			compatibilityVersion = "Xcode 14.0";
			developmentRegion = en;
			hasScannedForEncodings = 0;
			knownRegions = (
				en,
				Base,
			);
			mainGroup = F49288A72928C38100D02C47;
			productRefGroup = F49288B12928C38100D02C47 /* Products */;
			projectDirPath = "";
			projectRoot = "";
			targets = (
				F49288AF2928C38100D02C47 /* MyToday */,
			);
		};
/* End PBXProject section */

/* Begin PBXResourcesBuildPhase section */
		F49288AE2928C38100D02C47 /* Resources */ = {
			isa = PBXResourcesBuildPhase;
			buildActionMask = 2147483647;
			files = (
				F49288C02928C38300D02C47 /* LaunchScreen.storyboard in Resources */,
				F49288BD2928C38300D02C47 /* Assets.xcassets in Resources */,
				F49288BB2928C38100D02C47 /* Main.storyboard in Resources */,
			);
			runOnlyForDeploymentPostprocessing = 0;
		};
/* End PBXResourcesBuildPhase section */

/* Begin PBXSourcesBuildPhase section */
		F49288AC2928C38100D02C47 /* Sources */ = {
			isa = PBXSourcesBuildPhase;
			buildActionMask = 2147483647;
			files = (
				F4F277DF292CC12E00E19B9C /* ReminderListViewController+Actions.swift in Sources */,
				F49288B42928C38100D02C47 /* AppDelegate.swift in Sources */,
				F4F277D8292A1B4900E19B9C /* Date+Today.swift in Sources */,
				F49288C82928C45000D02C47 /* ReminderListViewController.swift in Sources */,
				F49288B62928C38100D02C47 /* SceneDelegate.swift in Sources */,
				F4F277E1292DEF4500E19B9C /* ReminderViewController.swift in Sources */,
				F4F277E4292DF40A00E19B9C /* ReminderViewController+Row.swift in Sources */,
				F49288CB2928C48300D02C47 /* Reminder.swift in Sources */,
				F4F277DD292CBFE000E19B9C /* ReminderDoneButton.swift in Sources */,
				F4F277DB292BD0F100E19B9C /* ReminderListViewController+DataSource.swift in Sources */,
			);
			runOnlyForDeploymentPostprocessing = 0;
		};
/* End PBXSourcesBuildPhase section */

/* Begin PBXVariantGroup section */
		F49288B92928C38100D02C47 /* Main.storyboard */ = {
			isa = PBXVariantGroup;
			children = (
				F49288BA2928C38100D02C47 /* Base */,
			);
			name = Main.storyboard;
			sourceTree = "<group>";
		};
		F49288BE2928C38300D02C47 /* LaunchScreen.storyboard */ = {
			isa = PBXVariantGroup;
			children = (
				F49288BF2928C38300D02C47 /* Base */,
			);
			name = LaunchScreen.storyboard;
			sourceTree = "<group>";
		};
/* End PBXVariantGroup section */

/* Begin XCBuildConfiguration section */
		F49288C22928C38300D02C47 /* Debug */ = {
			isa = XCBuildConfiguration;
			buildSettings = {
				ALWAYS_SEARCH_USER_PATHS = NO;
				CLANG_ANALYZER_NONNULL = YES;
				CLANG_ANALYZER_NUMBER_OBJECT_CONVERSION = YES_AGGRESSIVE;
				CLANG_CXX_LANGUAGE_STANDARD = "gnu++20";
				CLANG_ENABLE_MODULES = YES;
				CLANG_ENABLE_OBJC_ARC = YES;
				CLANG_ENABLE_OBJC_WEAK = YES;
				CLANG_WARN_BLOCK_CAPTURE_AUTORELEASING = YES;
				CLANG_WARN_BOOL_CONVERSION = YES;
				CLANG_WARN_COMMA = YES;
				CLANG_WARN_CONSTANT_CONVERSION = YES;
				CLANG_WARN_DEPRECATED_OBJC_IMPLEMENTATIONS = YES;
				CLANG_WARN_DIRECT_OBJC_ISA_USAGE = YES_ERROR;
				CLANG_WARN_DOCUMENTATION_COMMENTS = YES;
				CLANG_WARN_EMPTY_BODY = YES;
				CLANG_WARN_ENUM_CONVERSION = YES;
				CLANG_WARN_INFINITE_RECURSION = YES;
				CLANG_WARN_INT_CONVERSION = YES;
				CLANG_WARN_NON_LITERAL_NULL_CONVERSION = YES;
				CLANG_WARN_OBJC_IMPLICIT_RETAIN_SELF = YES;
				CLANG_WARN_OBJC_LITERAL_CONVERSION = YES;
				CLANG_WARN_OBJC_ROOT_CLASS = YES_ERROR;
				CLANG_WARN_QUOTED_INCLUDE_IN_FRAMEWORK_HEADER = YES;
				CLANG_WARN_RANGE_LOOP_ANALYSIS = YES;
				CLANG_WARN_STRICT_PROTOTYPES = YES;
				CLANG_WARN_SUSPICIOUS_MOVE = YES;
				CLANG_WARN_UNGUARDED_AVAILABILITY = YES_AGGRESSIVE;
				CLANG_WARN_UNREACHABLE_CODE = YES;
				CLANG_WARN__DUPLICATE_METHOD_MATCH = YES;
				COPY_PHASE_STRIP = NO;
				DEBUG_INFORMATION_FORMAT = dwarf;
				ENABLE_STRICT_OBJC_MSGSEND = YES;
				ENABLE_TESTABILITY = YES;
				GCC_C_LANGUAGE_STANDARD = gnu11;
				GCC_DYNAMIC_NO_PIC = NO;
				GCC_NO_COMMON_BLOCKS = YES;
				GCC_OPTIMIZATION_LEVEL = 0;
				GCC_PREPROCESSOR_DEFINITIONS = (
					"DEBUG=1",
					"$(inherited)",
				);
				GCC_WARN_64_TO_32_BIT_CONVERSION = YES;
				GCC_WARN_ABOUT_RETURN_TYPE = YES_ERROR;
				GCC_WARN_UNDECLARED_SELECTOR = YES;
				GCC_WARN_UNINITIALIZED_AUTOS = YES_AGGRESSIVE;
				GCC_WARN_UNUSED_FUNCTION = YES;
				GCC_WARN_UNUSED_VARIABLE = YES;
				IPHONEOS_DEPLOYMENT_TARGET = 16.1;
				MTL_ENABLE_DEBUG_INFO = INCLUDE_SOURCE;
				MTL_FAST_MATH = YES;
				ONLY_ACTIVE_ARCH = YES;
				SDKROOT = iphoneos;
				SWIFT_ACTIVE_COMPILATION_CONDITIONS = DEBUG;
				SWIFT_OPTIMIZATION_LEVEL = "-Onone";
			};
			name = Debug;
		};
		F49288C32928C38300D02C47 /* Release */ = {
			isa = XCBuildConfiguration;
			buildSettings = {
				ALWAYS_SEARCH_USER_PATHS = NO;
				CLANG_ANALYZER_NONNULL = YES;
				CLANG_ANALYZER_NUMBER_OBJECT_CONVERSION = YES_AGGRESSIVE;
				CLANG_CXX_LANGUAGE_STANDARD = "gnu++20";
				CLANG_ENABLE_MODULES = YES;
				CLANG_ENABLE_OBJC_ARC = YES;
				CLANG_ENABLE_OBJC_WEAK = YES;
				CLANG_WARN_BLOCK_CAPTURE_AUTORELEASING = YES;
				CLANG_WARN_BOOL_CONVERSION = YES;
				CLANG_WARN_COMMA = YES;
				CLANG_WARN_CONSTANT_CONVERSION = YES;
				CLANG_WARN_DEPRECATED_OBJC_IMPLEMENTATIONS = YES;
				CLANG_WARN_DIRECT_OBJC_ISA_USAGE = YES_ERROR;
				CLANG_WARN_DOCUMENTATION_COMMENTS = YES;
				CLANG_WARN_EMPTY_BODY = YES;
				CLANG_WARN_ENUM_CONVERSION = YES;
				CLANG_WARN_INFINITE_RECURSION = YES;
				CLANG_WARN_INT_CONVERSION = YES;
				CLANG_WARN_NON_LITERAL_NULL_CONVERSION = YES;
				CLANG_WARN_OBJC_IMPLICIT_RETAIN_SELF = YES;
				CLANG_WARN_OBJC_LITERAL_CONVERSION = YES;
				CLANG_WARN_OBJC_ROOT_CLASS = YES_ERROR;
				CLANG_WARN_QUOTED_INCLUDE_IN_FRAMEWORK_HEADER = YES;
				CLANG_WARN_RANGE_LOOP_ANALYSIS = YES;
				CLANG_WARN_STRICT_PROTOTYPES = YES;
				CLANG_WARN_SUSPICIOUS_MOVE = YES;
				CLANG_WARN_UNGUARDED_AVAILABILITY = YES_AGGRESSIVE;
				CLANG_WARN_UNREACHABLE_CODE = YES;
				CLANG_WARN__DUPLICATE_METHOD_MATCH = YES;
				COPY_PHASE_STRIP = NO;
				DEBUG_INFORMATION_FORMAT = "dwarf-with-dsym";
				ENABLE_NS_ASSERTIONS = NO;
				ENABLE_STRICT_OBJC_MSGSEND = YES;
				GCC_C_LANGUAGE_STANDARD = gnu11;
				GCC_NO_COMMON_BLOCKS = YES;
				GCC_WARN_64_TO_32_BIT_CONVERSION = YES;
				GCC_WARN_ABOUT_RETURN_TYPE = YES_ERROR;
				GCC_WARN_UNDECLARED_SELECTOR = YES;
				GCC_WARN_UNINITIALIZED_AUTOS = YES_AGGRESSIVE;
				GCC_WARN_UNUSED_FUNCTION = YES;
				GCC_WARN_UNUSED_VARIABLE = YES;
				IPHONEOS_DEPLOYMENT_TARGET = 16.1;
				MTL_ENABLE_DEBUG_INFO = NO;
				MTL_FAST_MATH = YES;
				SDKROOT = iphoneos;
				SWIFT_COMPILATION_MODE = wholemodule;
				SWIFT_OPTIMIZATION_LEVEL = "-O";
				VALIDATE_PRODUCT = YES;
			};
			name = Release;
		};
		F49288C52928C38300D02C47 /* Debug */ = {
			isa = XCBuildConfiguration;
			buildSettings = {
				ASSETCATALOG_COMPILER_APPICON_NAME = AppIcon;
				ASSETCATALOG_COMPILER_GLOBAL_ACCENT_COLOR_NAME = AccentColor;
				CODE_SIGN_STYLE = Automatic;
				CURRENT_PROJECT_VERSION = 1;
				DEVELOPMENT_TEAM = 5QX49B9H53;
				GENERATE_INFOPLIST_FILE = YES;
				INFOPLIST_FILE = MyToday/Info.plist;
				INFOPLIST_KEY_UIApplicationSupportsIndirectInputEvents = YES;
				INFOPLIST_KEY_UILaunchStoryboardName = LaunchScreen;
				INFOPLIST_KEY_UIMainStoryboardFile = Main;
				INFOPLIST_KEY_UISupportedInterfaceOrientations_iPad = "UIInterfaceOrientationPortrait UIInterfaceOrientationPortraitUpsideDown UIInterfaceOrientationLandscapeLeft UIInterfaceOrientationLandscapeRight";
				INFOPLIST_KEY_UISupportedInterfaceOrientations_iPhone = "UIInterfaceOrientationPortrait UIInterfaceOrientationLandscapeLeft UIInterfaceOrientationLandscapeRight";
				LD_RUNPATH_SEARCH_PATHS = (
					"$(inherited)",
					"@executable_path/Frameworks",
				);
				MARKETING_VERSION = 1.0;
				PRODUCT_BUNDLE_IDENTIFIER = com.durovCompany.MyToday;
				PRODUCT_NAME = "$(TARGET_NAME)";
				SWIFT_EMIT_LOC_STRINGS = YES;
				SWIFT_VERSION = 5.0;
				TARGETED_DEVICE_FAMILY = "1,2";
			};
			name = Debug;
		};
		F49288C62928C38300D02C47 /* Release */ = {
			isa = XCBuildConfiguration;
			buildSettings = {
				ASSETCATALOG_COMPILER_APPICON_NAME = AppIcon;
				ASSETCATALOG_COMPILER_GLOBAL_ACCENT_COLOR_NAME = AccentColor;
				CODE_SIGN_STYLE = Automatic;
				CURRENT_PROJECT_VERSION = 1;
				DEVELOPMENT_TEAM = 5QX49B9H53;
				GENERATE_INFOPLIST_FILE = YES;
				INFOPLIST_FILE = MyToday/Info.plist;
				INFOPLIST_KEY_UIApplicationSupportsIndirectInputEvents = YES;
				INFOPLIST_KEY_UILaunchStoryboardName = LaunchScreen;
				INFOPLIST_KEY_UIMainStoryboardFile = Main;
				INFOPLIST_KEY_UISupportedInterfaceOrientations_iPad = "UIInterfaceOrientationPortrait UIInterfaceOrientationPortraitUpsideDown UIInterfaceOrientationLandscapeLeft UIInterfaceOrientationLandscapeRight";
				INFOPLIST_KEY_UISupportedInterfaceOrientations_iPhone = "UIInterfaceOrientationPortrait UIInterfaceOrientationLandscapeLeft UIInterfaceOrientationLandscapeRight";
				LD_RUNPATH_SEARCH_PATHS = (
					"$(inherited)",
					"@executable_path/Frameworks",
				);
				MARKETING_VERSION = 1.0;
				PRODUCT_BUNDLE_IDENTIFIER = com.durovCompany.MyToday;
				PRODUCT_NAME = "$(TARGET_NAME)";
				SWIFT_EMIT_LOC_STRINGS = YES;
				SWIFT_VERSION = 5.0;
				TARGETED_DEVICE_FAMILY = "1,2";
			};
			name = Release;
		};
/* End XCBuildConfiguration section */

/* Begin XCConfigurationList section */
		F49288AB2928C38100D02C47 /* Build configuration list for PBXProject "MyToday" */ = {
			isa = XCConfigurationList;
			buildConfigurations = (
				F49288C22928C38300D02C47 /* Debug */,
				F49288C32928C38300D02C47 /* Release */,
			);
			defaultConfigurationIsVisible = 0;
			defaultConfigurationName = Release;
		};
		F49288C42928C38300D02C47 /* Build configuration list for PBXNativeTarget "MyToday" */ = {
			isa = XCConfigurationList;
			buildConfigurations = (
				F49288C52928C38300D02C47 /* Debug */,
				F49288C62928C38300D02C47 /* Release */,
			);
			defaultConfigurationIsVisible = 0;
			defaultConfigurationName = Release;
		};
/* End XCConfigurationList section */
	};
	rootObject = F49288A82928C38100D02C47 /* Project object */;
}
